# THIS IS AN AUTOGENERATED FILE. DO NOT EDIT THIS FILE DIRECTLY.
# yarn lockfile v1


mixpanel-browser@^2.42.1:
  version "2.42.1"
  resolved "https://registry.yarnpkg.com/mixpanel-browser/-/mixpanel-browser-2.42.1.tgz#4c067fe172fc27e89e063415f2985ebe688b3bf5"
  integrity sha512-47oOBCnyREFQiM+IFYquoV0ClTW+vhu3JIyig7TtHD2tY6SuIpxG57tDTUAespyg4cQzWCLQdk2P84zozG4L+Q==
